
Microsoft Visual Studio Solution File, Format Version 12.00
# Visual Studio Version 16
VisualStudioVersion = 16.0.30104.148
MinimumVisualStudioVersion = 10.0.40219.1
Project("{FAE04EC0-301F-11D3-BF4B-00C04F79EFBC}") = "RevitTest.Schedules", "RevitTest.Schedules\RevitTest.Schedules.csproj", "{2328FE8B-0B73-4639-8124-94AF24CF72D5}"
EndProject
Global
	GlobalSection(SolutionConfigurationPlatforms) = preSolution
		Debug|Any CPU = Debug|Any CPU
		Release|Any CPU = Release|Any CPU
	EndGlobalSection
	GlobalSection(ProjectConfigurationPlatforms) = postSolution
		{2328FE8B-0B73-4639-8124-94AF24CF72D5}.Debug|Any CPU.ActiveCfg = Debug|Any CPU
		{2328FE8B-0B73-4639-8124-94AF24CF72D5}.Debug|Any CPU.Build.0 = Debug|Any CPU
		{2328FE8B-0B73-4639-8124-94AF24CF72D5}.Release|Any CPU.ActiveCfg = Release|Any CPU
		{2328FE8B-0B73-4639-8124-94AF24CF72D5}.Release|Any CPU.Build.0 = Release|Any CPU
	EndGlobalSection
	GlobalSection(SolutionProperties) = preSolution
		HideSolutionNode = FALSE
	EndGlobalSection
	GlobalSection(ExtensibilityGlobals) = postSolution
		SolutionGuid = {457C965B-AC8B-458E-83D8-AE4392753CFF}
	EndGlobalSection
EndGlobal
